
Microsoft Visual Studio Solution File, Format Version 12.00
# Visual Studio Version 17
VisualStudioVersion = 17.3.32922.545
MinimumVisualStudioVersion = 10.0.40219.1
Project("{FAE04EC0-301F-11D3-BF4B-00C04F79EFBC}") = "DataManager", "DataManager\DataManager.csproj", "{71B0AB3F-D836-4A36-9C07-2917B6C9EEC2}"
EndProject
Project("{00D1A9C2-B5F0-4AF3-8072-F6C62B433612}") = "DRMData", "DRMData\DRMData.sqlproj", "{98AB5465-3CD1-4FF9-9BA6-B6EB0AAAB543}"
EndProject
Project("{FAE04EC0-301F-11D3-BF4B-00C04F79EFBC}") = "DRMDesktopUI", "DRMDesktopUI\DRMDesktopUI.csproj", "{FDD6499B-E5C9-4749-B9F0-F2ABDA61A323}"
EndProject
Project("{FAE04EC0-301F-11D3-BF4B-00C04F79EFBC}") = "DRMDataManagerLibrary", "DRMDataManagerLibrary\DRMDataManagerLibrary.csproj", "{6E5F0C83-515D-4C78-9084-190ED3993BE3}"
EndProject
Project("{FAE04EC0-301F-11D3-BF4B-00C04F79EFBC}") = "DRMDesktopUILibrary", "DRMDesktopUILibrary\DRMDesktopUILibrary.csproj", "{3DC0DE40-D1DF-4435-BA81-035DB303C5C2}"
EndProject
Project("{2150E333-8FDC-42A3-9474-1A3956D46DE8}") = "Database", "Database", "{5E49A679-E5FE-41C0-9843-EA5AAC3C788B}"
EndProject
Project("{2150E333-8FDC-42A3-9474-1A3956D46DE8}") = "API", "API", "{AC373A33-AE53-4A3D-9486-F731B5857937}"
EndProject
Project("{2150E333-8FDC-42A3-9474-1A3956D46DE8}") = "WPF", "WPF", "{0C0A8C1E-2574-4CDF-B0DE-A3D91025BEA3}"
EndProject
Global
	GlobalSection(SolutionConfigurationPlatforms) = preSolution
		Debug|Any CPU = Debug|Any CPU
		Release|Any CPU = Release|Any CPU
	EndGlobalSection
	GlobalSection(ProjectConfigurationPlatforms) = postSolution
		{71B0AB3F-D836-4A36-9C07-2917B6C9EEC2}.Debug|Any CPU.ActiveCfg = Debug|Any CPU
		{71B0AB3F-D836-4A36-9C07-2917B6C9EEC2}.Debug|Any CPU.Build.0 = Debug|Any CPU
		{71B0AB3F-D836-4A36-9C07-2917B6C9EEC2}.Release|Any CPU.ActiveCfg = Release|Any CPU
		{71B0AB3F-D836-4A36-9C07-2917B6C9EEC2}.Release|Any CPU.Build.0 = Release|Any CPU
		{98AB5465-3CD1-4FF9-9BA6-B6EB0AAAB543}.Debug|Any CPU.ActiveCfg = Debug|Any CPU
		{98AB5465-3CD1-4FF9-9BA6-B6EB0AAAB543}.Debug|Any CPU.Build.0 = Debug|Any CPU
		{98AB5465-3CD1-4FF9-9BA6-B6EB0AAAB543}.Debug|Any CPU.Deploy.0 = Debug|Any CPU
		{98AB5465-3CD1-4FF9-9BA6-B6EB0AAAB543}.Release|Any CPU.ActiveCfg = Release|Any CPU
		{98AB5465-3CD1-4FF9-9BA6-B6EB0AAAB543}.Release|Any CPU.Build.0 = Release|Any CPU
		{98AB5465-3CD1-4FF9-9BA6-B6EB0AAAB543}.Release|Any CPU.Deploy.0 = Release|Any CPU
		{FDD6499B-E5C9-4749-B9F0-F2ABDA61A323}.Debug|Any CPU.ActiveCfg = Debug|Any CPU
		{FDD6499B-E5C9-4749-B9F0-F2ABDA61A323}.Debug|Any CPU.Build.0 = Debug|Any CPU
		{FDD6499B-E5C9-4749-B9F0-F2ABDA61A323}.Release|Any CPU.ActiveCfg = Release|Any CPU
		{FDD6499B-E5C9-4749-B9F0-F2ABDA61A323}.Release|Any CPU.Build.0 = Release|Any CPU
		{6E5F0C83-515D-4C78-9084-190ED3993BE3}.Debug|Any CPU.ActiveCfg = Debug|Any CPU
		{6E5F0C83-515D-4C78-9084-190ED3993BE3}.Debug|Any CPU.Build.0 = Debug|Any CPU
		{6E5F0C83-515D-4C78-9084-190ED3993BE3}.Release|Any CPU.ActiveCfg = Release|Any CPU
		{6E5F0C83-515D-4C78-9084-190ED3993BE3}.Release|Any CPU.Build.0 = Release|Any CPU
		{3DC0DE40-D1DF-4435-BA81-035DB303C5C2}.Debug|Any CPU.ActiveCfg = Debug|Any CPU
		{3DC0DE40-D1DF-4435-BA81-035DB303C5C2}.Debug|Any CPU.Build.0 = Debug|Any CPU
		{3DC0DE40-D1DF-4435-BA81-035DB303C5C2}.Release|Any CPU.ActiveCfg = Release|Any CPU
		{3DC0DE40-D1DF-4435-BA81-035DB303C5C2}.Release|Any CPU.Build.0 = Release|Any CPU
	EndGlobalSection
	GlobalSection(SolutionProperties) = preSolution
		HideSolutionNode = FALSE
	EndGlobalSection
	GlobalSection(NestedProjects) = preSolution
		{71B0AB3F-D836-4A36-9C07-2917B6C9EEC2} = {AC373A33-AE53-4A3D-9486-F731B5857937}
		{98AB5465-3CD1-4FF9-9BA6-B6EB0AAAB543} = {5E49A679-E5FE-41C0-9843-EA5AAC3C788B}
		{FDD6499B-E5C9-4749-B9F0-F2ABDA61A323} = {0C0A8C1E-2574-4CDF-B0DE-A3D91025BEA3}
		{6E5F0C83-515D-4C78-9084-190ED3993BE3} = {AC373A33-AE53-4A3D-9486-F731B5857937}
		{3DC0DE40-D1DF-4435-BA81-035DB303C5C2} = {0C0A8C1E-2574-4CDF-B0DE-A3D91025BEA3}
	EndGlobalSection
	GlobalSection(ExtensibilityGlobals) = postSolution
		SolutionGuid = {4B21222C-1114-4F49-B06A-CA764B1E188F}
	EndGlobalSection
EndGlobal
